{
	"name": "uni-cloud-router-jzfunction",
	"version": "1.0.0",
	"lockfileVersion": 1,
	"requires": true,
	"dependencies": {
		"jz-common": {
			"version": "file:../common/jz-common"
		},
		"uni-cloud-router": {
			"version": "file:../../../uni_modules/uni-cloud-router/uniCloud/cloudfunctions/common/uni-cloud-router"
		}
	}
}
