{
	"name": "uni-cloud-router-jzfunction",
	"version": "1.0.0",
	"lockfileVersion": 2,
	"requires": true,
	"packages": {
		"": {
			"name": "uni-cloud-router-jzfunction",
			"version": "1.0.0",
			"license": "ISC",
			"dependencies": {
				"excel-to-json": "file:../../../uni_modules/ml-excel-to-json/uniCloud/cloudfunctions/common/ml-excel-to-json",
				"jz-common": "file:../common/jz-common",
				"ml-excel-to-json": "file:../../../uni_modules/ml-excel-to-json/uniCloud/cloudfunctions/common/ml-excel-to-json",
				"uni-cloud-router": "file:../../../uni_modules/uni-cloud-router/uniCloud/cloudfunctions/common/uni-cloud-router"
			}
		},
		"../../../uni_modules/ml-excel-to-json/uniCloud/cloudfunctions/common/ml-excel-to-json": {
			"name": "excel-to-json",
			"version": "1.0.0",
			"license": "ISC",
			"dependencies": {
				"node-xlsx": "^0.17.2"
			}
		},
		"../../../uni_modules/uni-cloud-router/uniCloud/cloudfunctions/common/uni-cloud-router": {
			"version": "0.0.10",
			"integrity": "sha512-gPMYh9HF/drINWHuRqDwVQECyTiBUQFr15dndfRRQD7Jbx9rUOBAfofuKhJfS3IArrChEw6ftJ7dvFl7xmi2eA==",
			"license": "Apache-2.0"
		},
		"../common/jz-common": {
			"version": "1.0.0",
			"license": "ISC"
		},
		"node_modules/excel-to-json": {
			"resolved": "../../../uni_modules/ml-excel-to-json/uniCloud/cloudfunctions/common/ml-excel-to-json",
			"link": true
		},
		"node_modules/jz-common": {
			"resolved": "../common/jz-common",
			"link": true
		},
		"node_modules/ml-excel-to-json": {
			"resolved": "../../../uni_modules/ml-excel-to-json/uniCloud/cloudfunctions/common/ml-excel-to-json",
			"link": true
		},
		"node_modules/uni-cloud-router": {
			"resolved": "../../../uni_modules/uni-cloud-router/uniCloud/cloudfunctions/common/uni-cloud-router",
			"link": true
		}
	},
	"dependencies": {
		"excel-to-json": {
			"version": "file:../../../uni_modules/ml-excel-to-json/uniCloud/cloudfunctions/common/ml-excel-to-json",
			"requires": {
				"node-xlsx": "^0.17.2"
			}
		},
		"jz-common": {
			"version": "file:../common/jz-common"
		},
		"ml-excel-to-json": {
			"version": "file:../../../uni_modules/ml-excel-to-json/uniCloud/cloudfunctions/common/ml-excel-to-json",
			"requires": {
				"node-xlsx": "^0.17.2"
			}
		},
		"uni-cloud-router": {
			"version": "file:../../../uni_modules/uni-cloud-router/uniCloud/cloudfunctions/common/uni-cloud-router"
		}
	}
}
